
Microsoft Visual Studio Solution File, Format Version 12.00
# Visual Studio Version 16
VisualStudioVersion = 16.0.31424.327
MinimumVisualStudioVersion = 10.0.40219.1
Project("{FAE04EC0-301F-11D3-BF4B-00C04F79EFBC}") = "MADLIBS", "MADLIBS\MADLIBS.csproj", "{8251F1D6-D747-4FE3-9E64-4ABCB9FDD594}"
EndProject
Global
	GlobalSection(SolutionConfigurationPlatforms) = preSolution
		Debug|Any CPU = Debug|Any CPU
		Release|Any CPU = Release|Any CPU
	EndGlobalSection
	GlobalSection(ProjectConfigurationPlatforms) = postSolution
		{8251F1D6-D747-4FE3-9E64-4ABCB9FDD594}.Debug|Any CPU.ActiveCfg = Debug|Any CPU
		{8251F1D6-D747-4FE3-9E64-4ABCB9FDD594}.Debug|Any CPU.Build.0 = Debug|Any CPU
		{8251F1D6-D747-4FE3-9E64-4ABCB9FDD594}.Release|Any CPU.ActiveCfg = Release|Any CPU
		{8251F1D6-D747-4FE3-9E64-4ABCB9FDD594}.Release|Any CPU.Build.0 = Release|Any CPU
	EndGlobalSection
	GlobalSection(SolutionProperties) = preSolution
		HideSolutionNode = FALSE
	EndGlobalSection
	GlobalSection(ExtensibilityGlobals) = postSolution
		SolutionGuid = {A0D679A0-C8C4-46B4-87A4-F6CC5C1DE727}
	EndGlobalSection
EndGlobal
